
Microsoft Visual Studio Solution File, Format Version 12.00
# Visual Studio Version 16
VisualStudioVersion = 16.0.30717.126
MinimumVisualStudioVersion = 10.0.40219.1
Project("{9A19103F-16F7-4668-BE54-9A1E7A4F7556}") = "MDC.Escudeiro", "MDC.Escudeiro\MDC.Escudeiro.csproj", "{0167B482-113C-4420-A8AF-31EFFECC2D07}"
EndProject
Project("{9A19103F-16F7-4668-BE54-9A1E7A4F7556}") = "MDC.Escudeiro.Domain", "MDC.Escudeiro.Domain\MDC.Escudeiro.Domain.csproj", "{7B589B65-5B6C-4D2C-A267-D37BD9767164}"
EndProject
Project("{9A19103F-16F7-4668-BE54-9A1E7A4F7556}") = "MDC.Escudeiro.Exercicio.Console", "MDC.Escudeiro.Exercicio.Console\MDC.Escudeiro.Exercicio.Console.csproj", "{E7A25F96-5347-4A1D-A48D-5469E67FD14F}"
EndProject
Project("{9A19103F-16F7-4668-BE54-9A1E7A4F7556}") = "MDC.Escudeiro.Exercicio.Console.Teste", "MDC.Escudeiro.Exercicio.Console.Teste\MDC.Escudeiro.Exercicio.Console.Teste.csproj", "{283B4314-6598-46CF-9768-7107CD8EEFD8}"
EndProject
Project("{9A19103F-16F7-4668-BE54-9A1E7A4F7556}") = "MDC.Escudeiro.Exercicio.POO", "MDC.Escudeiro.Exercicio.POO\MDC.Escudeiro.Exercicio.POO.csproj", "{3C98ED8D-5B60-4B2D-924F-DE41653702C9}"
EndProject
Project("{9A19103F-16F7-4668-BE54-9A1E7A4F7556}") = "MDC.Escudeiro.Exercicio.Teorico", "MDC.Escudeiro.Exercicio.Teorico\MDC.Escudeiro.Exercicio.Teorico.csproj", "{8DFDFB01-E543-455C-AE2E-7599270929C8}"
EndProject
Project("{9A19103F-16F7-4668-BE54-9A1E7A4F7556}") = "MDC.Escudeiro.Exercicio.POO.Teste", "MDC.Escudeiro.Exercicio.POO.Teste\MDC.Escudeiro.Exercicio.POO.Teste.csproj", "{989E78E5-9CE7-421E-90B4-204D2C5724FF}"
EndProject
Project("{2150E333-8FDC-42A3-9474-1A3956D46DE8}") = "1 - Console", "1 - Console", "{75FB04FB-34AD-4C9A-B7AB-6B097A0A060D}"
EndProject
Project("{2150E333-8FDC-42A3-9474-1A3956D46DE8}") = "2 - Domain", "2 - Domain", "{11494B9E-F5DE-4508-B0DC-29E215FE60C4}"
EndProject
Project("{2150E333-8FDC-42A3-9474-1A3956D46DE8}") = "3 - Exercise", "3 - Exercise", "{5AB6D3CA-25F5-44EF-8929-97A47417AE8D}"
EndProject
Project("{2150E333-8FDC-42A3-9474-1A3956D46DE8}") = "4 - Teste", "4 - Teste", "{93ABD291-79FF-4DDD-B173-389E89E2EC36}"
EndProject
Project("{FAE04EC0-301F-11D3-BF4B-00C04F79EFBC}") = "MDC.Escudeiro.Exercicio.Teorico.Teste", "MDC.Escudeiro.Exercicio.Teorico.Teste\MDC.Escudeiro.Exercicio.Teorico.Teste.csproj", "{E8296264-3D6A-4851-B57A-8E1993E13924}"
EndProject
Project("{FAE04EC0-301F-11D3-BF4B-00C04F79EFBC}") = "MDC.Escudeiro.Exercicio", "MDC.Escudeiro.Exercicio\MDC.Escudeiro.Exercicio.csproj", "{819DA65D-FC16-44C7-80C1-48CB73FC8F69}"
EndProject
Project("{FAE04EC0-301F-11D3-BF4B-00C04F79EFBC}") = "MDC.Escudeiro.Exercicio.Teste", "MDC.Escudeiro.Exercicio.Teste\MDC.Escudeiro.Exercicio.Teste.csproj", "{1E54AC05-7EF2-4C80-8BAD-D03F465C99BD}"
EndProject
Global
	GlobalSection(SolutionConfigurationPlatforms) = preSolution
		Debug|Any CPU = Debug|Any CPU
		Release|Any CPU = Release|Any CPU
	EndGlobalSection
	GlobalSection(ProjectConfigurationPlatforms) = postSolution
		{0167B482-113C-4420-A8AF-31EFFECC2D07}.Debug|Any CPU.ActiveCfg = Debug|Any CPU
		{0167B482-113C-4420-A8AF-31EFFECC2D07}.Debug|Any CPU.Build.0 = Debug|Any CPU
		{0167B482-113C-4420-A8AF-31EFFECC2D07}.Release|Any CPU.ActiveCfg = Release|Any CPU
		{0167B482-113C-4420-A8AF-31EFFECC2D07}.Release|Any CPU.Build.0 = Release|Any CPU
		{7B589B65-5B6C-4D2C-A267-D37BD9767164}.Debug|Any CPU.ActiveCfg = Debug|Any CPU
		{7B589B65-5B6C-4D2C-A267-D37BD9767164}.Debug|Any CPU.Build.0 = Debug|Any CPU
		{7B589B65-5B6C-4D2C-A267-D37BD9767164}.Release|Any CPU.ActiveCfg = Release|Any CPU
		{7B589B65-5B6C-4D2C-A267-D37BD9767164}.Release|Any CPU.Build.0 = Release|Any CPU
		{E7A25F96-5347-4A1D-A48D-5469E67FD14F}.Debug|Any CPU.ActiveCfg = Debug|Any CPU
		{E7A25F96-5347-4A1D-A48D-5469E67FD14F}.Debug|Any CPU.Build.0 = Debug|Any CPU
		{E7A25F96-5347-4A1D-A48D-5469E67FD14F}.Release|Any CPU.ActiveCfg = Release|Any CPU
		{E7A25F96-5347-4A1D-A48D-5469E67FD14F}.Release|Any CPU.Build.0 = Release|Any CPU
		{283B4314-6598-46CF-9768-7107CD8EEFD8}.Debug|Any CPU.ActiveCfg = Debug|Any CPU
		{283B4314-6598-46CF-9768-7107CD8EEFD8}.Debug|Any CPU.Build.0 = Debug|Any CPU
		{283B4314-6598-46CF-9768-7107CD8EEFD8}.Release|Any CPU.ActiveCfg = Release|Any CPU
		{283B4314-6598-46CF-9768-7107CD8EEFD8}.Release|Any CPU.Build.0 = Release|Any CPU
		{3C98ED8D-5B60-4B2D-924F-DE41653702C9}.Debug|Any CPU.ActiveCfg = Debug|Any CPU
		{3C98ED8D-5B60-4B2D-924F-DE41653702C9}.Debug|Any CPU.Build.0 = Debug|Any CPU
		{3C98ED8D-5B60-4B2D-924F-DE41653702C9}.Release|Any CPU.ActiveCfg = Release|Any CPU
		{3C98ED8D-5B60-4B2D-924F-DE41653702C9}.Release|Any CPU.Build.0 = Release|Any CPU
		{8DFDFB01-E543-455C-AE2E-7599270929C8}.Debug|Any CPU.ActiveCfg = Debug|Any CPU
		{8DFDFB01-E543-455C-AE2E-7599270929C8}.Debug|Any CPU.Build.0 = Debug|Any CPU
		{8DFDFB01-E543-455C-AE2E-7599270929C8}.Release|Any CPU.ActiveCfg = Release|Any CPU
		{8DFDFB01-E543-455C-AE2E-7599270929C8}.Release|Any CPU.Build.0 = Release|Any CPU
		{989E78E5-9CE7-421E-90B4-204D2C5724FF}.Debug|Any CPU.ActiveCfg = Debug|Any CPU
		{989E78E5-9CE7-421E-90B4-204D2C5724FF}.Debug|Any CPU.Build.0 = Debug|Any CPU
		{989E78E5-9CE7-421E-90B4-204D2C5724FF}.Release|Any CPU.ActiveCfg = Release|Any CPU
		{989E78E5-9CE7-421E-90B4-204D2C5724FF}.Release|Any CPU.Build.0 = Release|Any CPU
		{E8296264-3D6A-4851-B57A-8E1993E13924}.Debug|Any CPU.ActiveCfg = Debug|Any CPU
		{E8296264-3D6A-4851-B57A-8E1993E13924}.Debug|Any CPU.Build.0 = Debug|Any CPU
		{E8296264-3D6A-4851-B57A-8E1993E13924}.Release|Any CPU.ActiveCfg = Release|Any CPU
		{E8296264-3D6A-4851-B57A-8E1993E13924}.Release|Any CPU.Build.0 = Release|Any CPU
		{819DA65D-FC16-44C7-80C1-48CB73FC8F69}.Debug|Any CPU.ActiveCfg = Debug|Any CPU
		{819DA65D-FC16-44C7-80C1-48CB73FC8F69}.Debug|Any CPU.Build.0 = Debug|Any CPU
		{819DA65D-FC16-44C7-80C1-48CB73FC8F69}.Release|Any CPU.ActiveCfg = Release|Any CPU
		{819DA65D-FC16-44C7-80C1-48CB73FC8F69}.Release|Any CPU.Build.0 = Release|Any CPU
		{1E54AC05-7EF2-4C80-8BAD-D03F465C99BD}.Debug|Any CPU.ActiveCfg = Debug|Any CPU
		{1E54AC05-7EF2-4C80-8BAD-D03F465C99BD}.Debug|Any CPU.Build.0 = Debug|Any CPU
		{1E54AC05-7EF2-4C80-8BAD-D03F465C99BD}.Release|Any CPU.ActiveCfg = Release|Any CPU
		{1E54AC05-7EF2-4C80-8BAD-D03F465C99BD}.Release|Any CPU.Build.0 = Release|Any CPU
	EndGlobalSection
	GlobalSection(SolutionProperties) = preSolution
		HideSolutionNode = FALSE
	EndGlobalSection
	GlobalSection(NestedProjects) = preSolution
		{0167B482-113C-4420-A8AF-31EFFECC2D07} = {75FB04FB-34AD-4C9A-B7AB-6B097A0A060D}
		{7B589B65-5B6C-4D2C-A267-D37BD9767164} = {11494B9E-F5DE-4508-B0DC-29E215FE60C4}
		{E7A25F96-5347-4A1D-A48D-5469E67FD14F} = {5AB6D3CA-25F5-44EF-8929-97A47417AE8D}
		{283B4314-6598-46CF-9768-7107CD8EEFD8} = {93ABD291-79FF-4DDD-B173-389E89E2EC36}
		{3C98ED8D-5B60-4B2D-924F-DE41653702C9} = {5AB6D3CA-25F5-44EF-8929-97A47417AE8D}
		{8DFDFB01-E543-455C-AE2E-7599270929C8} = {5AB6D3CA-25F5-44EF-8929-97A47417AE8D}
		{989E78E5-9CE7-421E-90B4-204D2C5724FF} = {93ABD291-79FF-4DDD-B173-389E89E2EC36}
		{E8296264-3D6A-4851-B57A-8E1993E13924} = {93ABD291-79FF-4DDD-B173-389E89E2EC36}
		{819DA65D-FC16-44C7-80C1-48CB73FC8F69} = {5AB6D3CA-25F5-44EF-8929-97A47417AE8D}
		{1E54AC05-7EF2-4C80-8BAD-D03F465C99BD} = {93ABD291-79FF-4DDD-B173-389E89E2EC36}
	EndGlobalSection
	GlobalSection(ExtensibilityGlobals) = postSolution
		SolutionGuid = {1EC5A54A-32D4-42F2-82FE-627715F0E39B}
	EndGlobalSection
EndGlobal
